// !$*UTF8*$!
{
	archiveVersion = 1;
	classes = {
	};
	objectVersion = 50;
	objects = {

/* Begin PBXBuildFile section */
		F6E7485726FCDFF400AC63BB /* AppDelegate.swift in Sources */ = {isa = PBXBuildFile; fileRef = F6E7485626FCDFF400AC63BB /* AppDelegate.swift */; };
		F6E7485926FCDFF400AC63BB /* SceneDelegate.swift in Sources */ = {isa = PBXBuildFile; fileRef = F6E7485826FCDFF400AC63BB /* SceneDelegate.swift */; };
		F6E7485B26FCDFF400AC63BB /* ViewController.swift in Sources */ = {isa = PBXBuildFile; fileRef = F6E7485A26FCDFF400AC63BB /* ViewController.swift */; };
		F6E7485E26FCDFF400AC63BB /* Main.storyboard in Resources */ = {isa = PBXBuildFile; fileRef = F6E7485C26FCDFF400AC63BB /* Main.storyboard */; };
		F6E7486026FCDFFC00AC63BB /* Assets.xcassets in Resources */ = {isa = PBXBuildFile; fileRef = F6E7485F26FCDFFC00AC63BB /* Assets.xcassets */; };
		F6E7486326FCDFFC00AC63BB /* LaunchScreen.storyboard in Resources */ = {isa = PBXBuildFile; fileRef = F6E7486126FCDFFC00AC63BB /* LaunchScreen.storyboard */; };
		F6E7486E26FCDFFC00AC63BB /* SwiftPhotoMapTests.swift in Sources */ = {isa = PBXBuildFile; fileRef = F6E7486D26FCDFFC00AC63BB /* SwiftPhotoMapTests.swift */; };
		F6E7487926FCDFFC00AC63BB /* SwiftPhotoMapUITests.swift in Sources */ = {isa = PBXBuildFile; fileRef = F6E7487826FCDFFC00AC63BB /* SwiftPhotoMapUITests.swift */; };
		F6E7488826FCEFA900AC63BB /* PhotoMapViewController.swift in Sources */ = {isa = PBXBuildFile; fileRef = F6E7488726FCEFA900AC63BB /* PhotoMapViewController.swift */; };
		F6E7488A26FCEFB900AC63BB /* LocationsViewController.swift in Sources */ = {isa = PBXBuildFile; fileRef = F6E7488926FCEFB900AC63BB /* LocationsViewController.swift */; };
		F6E7488D26FD2BED00AC63BB /* MapKit.framework in Frameworks */ = {isa = PBXBuildFile; fileRef = F6E7488C26FD2BED00AC63BB /* MapKit.framework */; };
		F6E7489026FD79FE00AC63BB /* LocationCell.swift in Sources */ = {isa = PBXBuildFile; fileRef = F6E7488F26FD79FE00AC63BB /* LocationCell.swift */; };
/* End PBXBuildFile section */

/* Begin PBXContainerItemProxy section */
		F6E7486A26FCDFFC00AC63BB /* PBXContainerItemProxy */ = {
			isa = PBXContainerItemProxy;
			containerPortal = F6E7484B26FCDFF400AC63BB /* Project object */;
			proxyType = 1;
			remoteGlobalIDString = F6E7485226FCDFF400AC63BB;
			remoteInfo = SwiftPhotoMap;
		};
		F6E7487526FCDFFC00AC63BB /* PBXContainerItemProxy */ = {
			isa = PBXContainerItemProxy;
			containerPortal = F6E7484B26FCDFF400AC63BB /* Project object */;
			proxyType = 1;
			remoteGlobalIDString = F6E7485226FCDFF400AC63BB;
			remoteInfo = SwiftPhotoMap;
		};
/* End PBXContainerItemProxy section */

/* Begin PBXFileReference section */
		F6E7485326FCDFF400AC63BB /* SwiftPhotoMap.app */ = {isa = PBXFileReference; explicitFileType = wrapper.application; includeInIndex = 0; path = SwiftPhotoMap.app; sourceTree = BUILT_PRODUCTS_DIR; };
		F6E7485626FCDFF400AC63BB /* AppDelegate.swift */ = {isa = PBXFileReference; lastKnownFileType = sourcecode.swift; path = AppDelegate.swift; sourceTree = "<group>"; };
		F6E7485826FCDFF400AC63BB /* SceneDelegate.swift */ = {isa = PBXFileReference; lastKnownFileType = sourcecode.swift; path = SceneDelegate.swift; sourceTree = "<group>"; };
		F6E7485A26FCDFF400AC63BB /* ViewController.swift */ = {isa = PBXFileReference; lastKnownFileType = sourcecode.swift; path = ViewController.swift; sourceTree = "<group>"; };
		F6E7485D26FCDFF400AC63BB /* Base */ = {isa = PBXFileReference; lastKnownFileType = file.storyboard; name = Base; path = Base.lproj/Main.storyboard; sourceTree = "<group>"; };
		F6E7485F26FCDFFC00AC63BB /* Assets.xcassets */ = {isa = PBXFileReference; lastKnownFileType = folder.assetcatalog; path = Assets.xcassets; sourceTree = "<group>"; };
		F6E7486226FCDFFC00AC63BB /* Base */ = {isa = PBXFileReference; lastKnownFileType = file.storyboard; name = Base; path = Base.lproj/LaunchScreen.storyboard; sourceTree = "<group>"; };
		F6E7486426FCDFFC00AC63BB /* Info.plist */ = {isa = PBXFileReference; lastKnownFileType = text.plist.xml; path = Info.plist; sourceTree = "<group>"; };
		F6E7486926FCDFFC00AC63BB /* SwiftPhotoMapTests.xctest */ = {isa = PBXFileReference; explicitFileType = wrapper.cfbundle; includeInIndex = 0; path = SwiftPhotoMapTests.xctest; sourceTree = BUILT_PRODUCTS_DIR; };
		F6E7486D26FCDFFC00AC63BB /* SwiftPhotoMapTests.swift */ = {isa = PBXFileReference; lastKnownFileType = sourcecode.swift; path = SwiftPhotoMapTests.swift; sourceTree = "<group>"; };
		F6E7486F26FCDFFC00AC63BB /* Info.plist */ = {isa = PBXFileReference; lastKnownFileType = text.plist.xml; path = Info.plist; sourceTree = "<group>"; };
		F6E7487426FCDFFC00AC63BB /* SwiftPhotoMapUITests.xctest */ = {isa = PBXFileReference; explicitFileType = wrapper.cfbundle; includeInIndex = 0; path = SwiftPhotoMapUITests.xctest; sourceTree = BUILT_PRODUCTS_DIR; };
		F6E7487826FCDFFC00AC63BB /* SwiftPhotoMapUITests.swift */ = {isa = PBXFileReference; lastKnownFileType = sourcecode.swift; path = SwiftPhotoMapUITests.swift; sourceTree = "<group>"; };
		F6E7487A26FCDFFD00AC63BB /* Info.plist */ = {isa = PBXFileReference; lastKnownFileType = text.plist.xml; path = Info.plist; sourceTree = "<group>"; };
		F6E7488726FCEFA900AC63BB /* PhotoMapViewController.swift */ = {isa = PBXFileReference; lastKnownFileType = sourcecode.swift; path = PhotoMapViewController.swift; sourceTree = "<group>"; };
		F6E7488926FCEFB900AC63BB /* LocationsViewController.swift */ = {isa = PBXFileReference; lastKnownFileType = sourcecode.swift; path = LocationsViewController.swift; sourceTree = "<group>"; };
		F6E7488C26FD2BED00AC63BB /* MapKit.framework */ = {isa = PBXFileReference; lastKnownFileType = wrapper.framework; name = MapKit.framework; path = System/Library/Frameworks/MapKit.framework; sourceTree = SDKROOT; };
		F6E7488F26FD79FE00AC63BB /* LocationCell.swift */ = {isa = PBXFileReference; lastKnownFileType = sourcecode.swift; path = LocationCell.swift; sourceTree = "<group>"; };
/* End PBXFileReference section */

/* Begin PBXFrameworksBuildPhase section */
		F6E7485026FCDFF400AC63BB /* Frameworks */ = {
			isa = PBXFrameworksBuildPhase;
			buildActionMask = 2147483647;
			files = (
				F6E7488D26FD2BED00AC63BB /* MapKit.framework in Frameworks */,
			);
			runOnlyForDeploymentPostprocessing = 0;
		};
		F6E7486626FCDFFC00AC63BB /* Frameworks */ = {
			isa = PBXFrameworksBuildPhase;
			buildActionMask = 2147483647;
			files = (
			);
			runOnlyForDeploymentPostprocessing = 0;
		};
		F6E7487126FCDFFC00AC63BB /* Frameworks */ = {
			isa = PBXFrameworksBuildPhase;
			buildActionMask = 2147483647;
			files = (
			);
			runOnlyForDeploymentPostprocessing = 0;
		};
/* End PBXFrameworksBuildPhase section */

/* Begin PBXGroup section */
		F6E7484A26FCDFF400AC63BB = {
			isa = PBXGroup;
			children = (
				F6E7485526FCDFF400AC63BB /* SwiftPhotoMap */,
				F6E7486C26FCDFFC00AC63BB /* SwiftPhotoMapTests */,
				F6E7487726FCDFFC00AC63BB /* SwiftPhotoMapUITests */,
				F6E7485426FCDFF400AC63BB /* Products */,
				F6E7488B26FD2BED00AC63BB /* Frameworks */,
			);
			sourceTree = "<group>";
		};
		F6E7485426FCDFF400AC63BB /* Products */ = {
			isa = PBXGroup;
			children = (
				F6E7485326FCDFF400AC63BB /* SwiftPhotoMap.app */,
				F6E7486926FCDFFC00AC63BB /* SwiftPhotoMapTests.xctest */,
				F6E7487426FCDFFC00AC63BB /* SwiftPhotoMapUITests.xctest */,
			);
			name = Products;
			sourceTree = "<group>";
		};
		F6E7485526FCDFF400AC63BB /* SwiftPhotoMap */ = {
			isa = PBXGroup;
			children = (
				F6E7488E26FD79B900AC63BB /* Views */,
				F6E7488626FCEF8C00AC63BB /* View Controllers */,
				F6E7485626FCDFF400AC63BB /* AppDelegate.swift */,
				F6E7485826FCDFF400AC63BB /* SceneDelegate.swift */,
				F6E7485A26FCDFF400AC63BB /* ViewController.swift */,
				F6E7485C26FCDFF400AC63BB /* Main.storyboard */,
				F6E7485F26FCDFFC00AC63BB /* Assets.xcassets */,
				F6E7486126FCDFFC00AC63BB /* LaunchScreen.storyboard */,
				F6E7486426FCDFFC00AC63BB /* Info.plist */,
			);
			path = SwiftPhotoMap;
			sourceTree = "<group>";
		};
		F6E7486C26FCDFFC00AC63BB /* SwiftPhotoMapTests */ = {
			isa = PBXGroup;
			children = (
				F6E7486D26FCDFFC00AC63BB /* SwiftPhotoMapTests.swift */,
				F6E7486F26FCDFFC00AC63BB /* Info.plist */,
			);
			path = SwiftPhotoMapTests;
			sourceTree = "<group>";
		};
		F6E7487726FCDFFC00AC63BB /* SwiftPhotoMapUITests */ = {
			isa = PBXGroup;
			children = (
				F6E7487826FCDFFC00AC63BB /* SwiftPhotoMapUITests.swift */,
				F6E7487A26FCDFFD00AC63BB /* Info.plist */,
			);
			path = SwiftPhotoMapUITests;
			sourceTree = "<group>";
		};
		F6E7488626FCEF8C00AC63BB /* View Controllers */ = {
			isa = PBXGroup;
			children = (
				F6E7488726FCEFA900AC63BB /* PhotoMapViewController.swift */,
				F6E7488926FCEFB900AC63BB /* LocationsViewController.swift */,
			);
			path = "View Controllers";
			sourceTree = "<group>";
		};
		F6E7488B26FD2BED00AC63BB /* Frameworks */ = {
			isa = PBXGroup;
			children = (
				F6E7488C26FD2BED00AC63BB /* MapKit.framework */,
			);
			name = Frameworks;
			sourceTree = "<group>";
		};
		F6E7488E26FD79B900AC63BB /* Views */ = {
			isa = PBXGroup;
			children = (
				F6E7488F26FD79FE00AC63BB /* LocationCell.swift */,
			);
			path = Views;
			sourceTree = "<group>";
		};
/* End PBXGroup section */

/* Begin PBXNativeTarget section */
		F6E7485226FCDFF400AC63BB /* SwiftPhotoMap */ = {
			isa = PBXNativeTarget;
			buildConfigurationList = F6E7487D26FCDFFD00AC63BB /* Build configuration list for PBXNativeTarget "SwiftPhotoMap" */;
			buildPhases = (
				F6E7484F26FCDFF400AC63BB /* Sources */,
				F6E7485026FCDFF400AC63BB /* Frameworks */,
				F6E7485126FCDFF400AC63BB /* Resources */,
			);
			buildRules = (
			);
			dependencies = (
			);
			name = SwiftPhotoMap;
			productName = SwiftPhotoMap;
			productReference = F6E7485326FCDFF400AC63BB /* SwiftPhotoMap.app */;
			productType = "com.apple.product-type.application";
		};
		F6E7486826FCDFFC00AC63BB /* SwiftPhotoMapTests */ = {
			isa = PBXNativeTarget;
			buildConfigurationList = F6E7488026FCDFFD00AC63BB /* Build configuration list for PBXNativeTarget "SwiftPhotoMapTests" */;
			buildPhases = (
				F6E7486526FCDFFC00AC63BB /* Sources */,
				F6E7486626FCDFFC00AC63BB /* Frameworks */,
				F6E7486726FCDFFC00AC63BB /* Resources */,
			);
			buildRules = (
			);
			dependencies = (
				F6E7486B26FCDFFC00AC63BB /* PBXTargetDependency */,
			);
			name = SwiftPhotoMapTests;
			productName = SwiftPhotoMapTests;
			productReference = F6E7486926FCDFFC00AC63BB /* SwiftPhotoMapTests.xctest */;
			productType = "com.apple.product-type.bundle.unit-test";
		};
		F6E7487326FCDFFC00AC63BB /* SwiftPhotoMapUITests */ = {
			isa = PBXNativeTarget;
			buildConfigurationList = F6E7488326FCDFFD00AC63BB /* Build configuration list for PBXNativeTarget "SwiftPhotoMapUITests" */;
			buildPhases = (
				F6E7487026FCDFFC00AC63BB /* Sources */,
				F6E7487126FCDFFC00AC63BB /* Frameworks */,
				F6E7487226FCDFFC00AC63BB /* Resources */,
			);
			buildRules = (
			);
			dependencies = (
				F6E7487626FCDFFC00AC63BB /* PBXTargetDependency */,
			);
			name = SwiftPhotoMapUITests;
			productName = SwiftPhotoMapUITests;
			productReference = F6E7487426FCDFFC00AC63BB /* SwiftPhotoMapUITests.xctest */;
			productType = "com.apple.product-type.bundle.ui-testing";
		};
/* End PBXNativeTarget section */

/* Begin PBXProject section */
		F6E7484B26FCDFF400AC63BB /* Project object */ = {
			isa = PBXProject;
			attributes = {
				LastSwiftUpdateCheck = 1250;
				LastUpgradeCheck = 1250;
				TargetAttributes = {
					F6E7485226FCDFF400AC63BB = {
						CreatedOnToolsVersion = 12.5.1;
					};
					F6E7486826FCDFFC00AC63BB = {
						CreatedOnToolsVersion = 12.5.1;
						TestTargetID = F6E7485226FCDFF400AC63BB;
					};
					F6E7487326FCDFFC00AC63BB = {
						CreatedOnToolsVersion = 12.5.1;
						TestTargetID = F6E7485226FCDFF400AC63BB;
					};
				};
			};
			buildConfigurationList = F6E7484E26FCDFF400AC63BB /* Build configuration list for PBXProject "SwiftPhotoMap" */;
			compatibilityVersion = "Xcode 9.3";
			developmentRegion = en;
			hasScannedForEncodings = 0;
			knownRegions = (
				en,
				Base,
			);
			mainGroup = F6E7484A26FCDFF400AC63BB;
			productRefGroup = F6E7485426FCDFF400AC63BB /* Products */;
			projectDirPath = "";
			projectRoot = "";
			targets = (
				F6E7485226FCDFF400AC63BB /* SwiftPhotoMap */,
				F6E7486826FCDFFC00AC63BB /* SwiftPhotoMapTests */,
				F6E7487326FCDFFC00AC63BB /* SwiftPhotoMapUITests */,
			);
		};
/* End PBXProject section */

/* Begin PBXResourcesBuildPhase section */
		F6E7485126FCDFF400AC63BB /* Resources */ = {
			isa = PBXResourcesBuildPhase;
			buildActionMask = 2147483647;
			files = (
				F6E7486326FCDFFC00AC63BB /* LaunchScreen.storyboard in Resources */,
				F6E7486026FCDFFC00AC63BB /* Assets.xcassets in Resources */,
				F6E7485E26FCDFF400AC63BB /* Main.storyboard in Resources */,
			);
			runOnlyForDeploymentPostprocessing = 0;
		};
		F6E7486726FCDFFC00AC63BB /* Resources */ = {
			isa = PBXResourcesBuildPhase;
			buildActionMask = 2147483647;
			files = (
			);
			runOnlyForDeploymentPostprocessing = 0;
		};
		F6E7487226FCDFFC00AC63BB /* Resources */ = {
			isa = PBXResourcesBuildPhase;
			buildActionMask = 2147483647;
			files = (
			);
			runOnlyForDeploymentPostprocessing = 0;
		};
/* End PBXResourcesBuildPhase section */

/* Begin PBXSourcesBuildPhase section */
		F6E7484F26FCDFF400AC63BB /* Sources */ = {
			isa = PBXSourcesBuildPhase;
			buildActionMask = 2147483647;
			files = (
				F6E7489026FD79FE00AC63BB /* LocationCell.swift in Sources */,
				F6E7485B26FCDFF400AC63BB /* ViewController.swift in Sources */,
				F6E7488A26FCEFB900AC63BB /* LocationsViewController.swift in Sources */,
				F6E7485726FCDFF400AC63BB /* AppDelegate.swift in Sources */,
				F6E7488826FCEFA900AC63BB /* PhotoMapViewController.swift in Sources */,
				F6E7485926FCDFF400AC63BB /* SceneDelegate.swift in Sources */,
			);
			runOnlyForDeploymentPostprocessing = 0;
		};
		F6E7486526FCDFFC00AC63BB /* Sources */ = {
			isa = PBXSourcesBuildPhase;
			buildActionMask = 2147483647;
			files = (
				F6E7486E26FCDFFC00AC63BB /* SwiftPhotoMapTests.swift in Sources */,
			);
			runOnlyForDeploymentPostprocessing = 0;
		};
		F6E7487026FCDFFC00AC63BB /* Sources */ = {
			isa = PBXSourcesBuildPhase;
			buildActionMask = 2147483647;
			files = (
				F6E7487926FCDFFC00AC63BB /* SwiftPhotoMapUITests.swift in Sources */,
			);
			runOnlyForDeploymentPostprocessing = 0;
		};
/* End PBXSourcesBuildPhase section */

/* Begin PBXTargetDependency section */
		F6E7486B26FCDFFC00AC63BB /* PBXTargetDependency */ = {
			isa = PBXTargetDependency;
			target = F6E7485226FCDFF400AC63BB /* SwiftPhotoMap */;
			targetProxy = F6E7486A26FCDFFC00AC63BB /* PBXContainerItemProxy */;
		};
		F6E7487626FCDFFC00AC63BB /* PBXTargetDependency */ = {
			isa = PBXTargetDependency;
			target = F6E7485226FCDFF400AC63BB /* SwiftPhotoMap */;
			targetProxy = F6E7487526FCDFFC00AC63BB /* PBXContainerItemProxy */;
		};
/* End PBXTargetDependency section */

/* Begin PBXVariantGroup section */
		F6E7485C26FCDFF400AC63BB /* Main.storyboard */ = {
			isa = PBXVariantGroup;
			children = (
				F6E7485D26FCDFF400AC63BB /* Base */,
			);
			name = Main.storyboard;
			sourceTree = "<group>";
		};
		F6E7486126FCDFFC00AC63BB /* LaunchScreen.storyboard */ = {
			isa = PBXVariantGroup;
			children = (
				F6E7486226FCDFFC00AC63BB /* Base */,
			);
			name = LaunchScreen.storyboard;
			sourceTree = "<group>";
		};
/* End PBXVariantGroup section */

/* Begin XCBuildConfiguration section */
		F6E7487B26FCDFFD00AC63BB /* Debug */ = {
			isa = XCBuildConfiguration;
			buildSettings = {
				ALWAYS_SEARCH_USER_PATHS = NO;
				CLANG_ANALYZER_NONNULL = YES;
				CLANG_ANALYZER_NUMBER_OBJECT_CONVERSION = YES_AGGRESSIVE;
				CLANG_CXX_LANGUAGE_STANDARD = "gnu++14";
				CLANG_CXX_LIBRARY = "libc++";
				CLANG_ENABLE_MODULES = YES;
				CLANG_ENABLE_OBJC_ARC = YES;
				CLANG_ENABLE_OBJC_WEAK = YES;
				CLANG_WARN_BLOCK_CAPTURE_AUTORELEASING = YES;
				CLANG_WARN_BOOL_CONVERSION = YES;
				CLANG_WARN_COMMA = YES;
				CLANG_WARN_CONSTANT_CONVERSION = YES;
				CLANG_WARN_DEPRECATED_OBJC_IMPLEMENTATIONS = YES;
				CLANG_WARN_DIRECT_OBJC_ISA_USAGE = YES_ERROR;
				CLANG_WARN_DOCUMENTATION_COMMENTS = YES;
				CLANG_WARN_EMPTY_BODY = YES;
				CLANG_WARN_ENUM_CONVERSION = YES;
				CLANG_WARN_INFINITE_RECURSION = YES;
				CLANG_WARN_INT_CONVERSION = YES;
				CLANG_WARN_NON_LITERAL_NULL_CONVERSION = YES;
				CLANG_WARN_OBJC_IMPLICIT_RETAIN_SELF = YES;
				CLANG_WARN_OBJC_LITERAL_CONVERSION = YES;
				CLANG_WARN_OBJC_ROOT_CLASS = YES_ERROR;
				CLANG_WARN_QUOTED_INCLUDE_IN_FRAMEWORK_HEADER = YES;
				CLANG_WARN_RANGE_LOOP_ANALYSIS = YES;
				CLANG_WARN_STRICT_PROTOTYPES = YES;
				CLANG_WARN_SUSPICIOUS_MOVE = YES;
				CLANG_WARN_UNGUARDED_AVAILABILITY = YES_AGGRESSIVE;
				CLANG_WARN_UNREACHABLE_CODE = YES;
				CLANG_WARN__DUPLICATE_METHOD_MATCH = YES;
				COPY_PHASE_STRIP = NO;
				DEBUG_INFORMATION_FORMAT = dwarf;
				ENABLE_STRICT_OBJC_MSGSEND = YES;
				ENABLE_TESTABILITY = YES;
				GCC_C_LANGUAGE_STANDARD = gnu11;
				GCC_DYNAMIC_NO_PIC = NO;
				GCC_NO_COMMON_BLOCKS = YES;
				GCC_OPTIMIZATION_LEVEL = 0;
				GCC_PREPROCESSOR_DEFINITIONS = (
					"DEBUG=1",
					"$(inherited)",
				);
				GCC_WARN_64_TO_32_BIT_CONVERSION = YES;
				GCC_WARN_ABOUT_RETURN_TYPE = YES_ERROR;
				GCC_WARN_UNDECLARED_SELECTOR = YES;
				GCC_WARN_UNINITIALIZED_AUTOS = YES_AGGRESSIVE;
				GCC_WARN_UNUSED_FUNCTION = YES;
				GCC_WARN_UNUSED_VARIABLE = YES;
				IPHONEOS_DEPLOYMENT_TARGET = 14.5;
				MTL_ENABLE_DEBUG_INFO = INCLUDE_SOURCE;
				MTL_FAST_MATH = YES;
				ONLY_ACTIVE_ARCH = YES;
				SDKROOT = iphoneos;
				SWIFT_ACTIVE_COMPILATION_CONDITIONS = DEBUG;
				SWIFT_OPTIMIZATION_LEVEL = "-Onone";
			};
			name = Debug;
		};
		F6E7487C26FCDFFD00AC63BB /* Release */ = {
			isa = XCBuildConfiguration;
			buildSettings = {
				ALWAYS_SEARCH_USER_PATHS = NO;
				CLANG_ANALYZER_NONNULL = YES;
				CLANG_ANALYZER_NUMBER_OBJECT_CONVERSION = YES_AGGRESSIVE;
				CLANG_CXX_LANGUAGE_STANDARD = "gnu++14";
				CLANG_CXX_LIBRARY = "libc++";
				CLANG_ENABLE_MODULES = YES;
				CLANG_ENABLE_OBJC_ARC = YES;
				CLANG_ENABLE_OBJC_WEAK = YES;
				CLANG_WARN_BLOCK_CAPTURE_AUTORELEASING = YES;
				CLANG_WARN_BOOL_CONVERSION = YES;
				CLANG_WARN_COMMA = YES;
				CLANG_WARN_CONSTANT_CONVERSION = YES;
				CLANG_WARN_DEPRECATED_OBJC_IMPLEMENTATIONS = YES;
				CLANG_WARN_DIRECT_OBJC_ISA_USAGE = YES_ERROR;
				CLANG_WARN_DOCUMENTATION_COMMENTS = YES;
				CLANG_WARN_EMPTY_BODY = YES;
				CLANG_WARN_ENUM_CONVERSION = YES;
				CLANG_WARN_INFINITE_RECURSION = YES;
				CLANG_WARN_INT_CONVERSION = YES;
				CLANG_WARN_NON_LITERAL_NULL_CONVERSION = YES;
				CLANG_WARN_OBJC_IMPLICIT_RETAIN_SELF = YES;
				CLANG_WARN_OBJC_LITERAL_CONVERSION = YES;
				CLANG_WARN_OBJC_ROOT_CLASS = YES_ERROR;
				CLANG_WARN_QUOTED_INCLUDE_IN_FRAMEWORK_HEADER = YES;
				CLANG_WARN_RANGE_LOOP_ANALYSIS = YES;
				CLANG_WARN_STRICT_PROTOTYPES = YES;
				CLANG_WARN_SUSPICIOUS_MOVE = YES;
				CLANG_WARN_UNGUARDED_AVAILABILITY = YES_AGGRESSIVE;
				CLANG_WARN_UNREACHABLE_CODE = YES;
				CLANG_WARN__DUPLICATE_METHOD_MATCH = YES;
				COPY_PHASE_STRIP = NO;
				DEBUG_INFORMATION_FORMAT = "dwarf-with-dsym";
				ENABLE_NS_ASSERTIONS = NO;
				ENABLE_STRICT_OBJC_MSGSEND = YES;
				GCC_C_LANGUAGE_STANDARD = gnu11;
				GCC_NO_COMMON_BLOCKS = YES;
				GCC_WARN_64_TO_32_BIT_CONVERSION = YES;
				GCC_WARN_ABOUT_RETURN_TYPE = YES_ERROR;
				GCC_WARN_UNDECLARED_SELECTOR = YES;
				GCC_WARN_UNINITIALIZED_AUTOS = YES_AGGRESSIVE;
				GCC_WARN_UNUSED_FUNCTION = YES;
				GCC_WARN_UNUSED_VARIABLE = YES;
				IPHONEOS_DEPLOYMENT_TARGET = 14.5;
				MTL_ENABLE_DEBUG_INFO = NO;
				MTL_FAST_MATH = YES;
				SDKROOT = iphoneos;
				SWIFT_COMPILATION_MODE = wholemodule;
				SWIFT_OPTIMIZATION_LEVEL = "-O";
				VALIDATE_PRODUCT = YES;
			};
			name = Release;
		};
		F6E7487E26FCDFFD00AC63BB /* Debug */ = {
			isa = XCBuildConfiguration;
			buildSettings = {
				ASSETCATALOG_COMPILER_APPICON_NAME = AppIcon;
				ASSETCATALOG_COMPILER_GLOBAL_ACCENT_COLOR_NAME = AccentColor;
				CODE_SIGN_STYLE = Automatic;
				DEVELOPMENT_TEAM = MLV6BNHZAT;
				INFOPLIST_FILE = SwiftPhotoMap/Info.plist;
				LD_RUNPATH_SEARCH_PATHS = (
					"$(inherited)",
					"@executable_path/Frameworks",
				);
				PRODUCT_BUNDLE_IDENTIFIER = com.christinesun.SwiftPhotoMap;
				PRODUCT_NAME = "$(TARGET_NAME)";
				SWIFT_VERSION = 5.0;
				TARGETED_DEVICE_FAMILY = "1,2";
			};
			name = Debug;
		};
		F6E7487F26FCDFFD00AC63BB /* Release */ = {
			isa = XCBuildConfiguration;
			buildSettings = {
				ASSETCATALOG_COMPILER_APPICON_NAME = AppIcon;
				ASSETCATALOG_COMPILER_GLOBAL_ACCENT_COLOR_NAME = AccentColor;
				CODE_SIGN_STYLE = Automatic;
				DEVELOPMENT_TEAM = MLV6BNHZAT;
				INFOPLIST_FILE = SwiftPhotoMap/Info.plist;
				LD_RUNPATH_SEARCH_PATHS = (
					"$(inherited)",
					"@executable_path/Frameworks",
				);
				PRODUCT_BUNDLE_IDENTIFIER = com.christinesun.SwiftPhotoMap;
				PRODUCT_NAME = "$(TARGET_NAME)";
				SWIFT_VERSION = 5.0;
				TARGETED_DEVICE_FAMILY = "1,2";
			};
			name = Release;
		};
		F6E7488126FCDFFD00AC63BB /* Debug */ = {
			isa = XCBuildConfiguration;
			buildSettings = {
				ALWAYS_EMBED_SWIFT_STANDARD_LIBRARIES = YES;
				BUNDLE_LOADER = "$(TEST_HOST)";
				CODE_SIGN_STYLE = Automatic;
				DEVELOPMENT_TEAM = MLV6BNHZAT;
				INFOPLIST_FILE = SwiftPhotoMapTests/Info.plist;
				IPHONEOS_DEPLOYMENT_TARGET = 14.5;
				LD_RUNPATH_SEARCH_PATHS = (
					"$(inherited)",
					"@executable_path/Frameworks",
					"@loader_path/Frameworks",
				);
				PRODUCT_BUNDLE_IDENTIFIER = com.christinesun.SwiftPhotoMapTests;
				PRODUCT_NAME = "$(TARGET_NAME)";
				SWIFT_VERSION = 5.0;
				TARGETED_DEVICE_FAMILY = "1,2";
				TEST_HOST = "$(BUILT_PRODUCTS_DIR)/SwiftPhotoMap.app/SwiftPhotoMap";
			};
			name = Debug;
		};
		F6E7488226FCDFFD00AC63BB /* Release */ = {
			isa = XCBuildConfiguration;
			buildSettings = {
				ALWAYS_EMBED_SWIFT_STANDARD_LIBRARIES = YES;
				BUNDLE_LOADER = "$(TEST_HOST)";
				CODE_SIGN_STYLE = Automatic;
				DEVELOPMENT_TEAM = MLV6BNHZAT;
				INFOPLIST_FILE = SwiftPhotoMapTests/Info.plist;
				IPHONEOS_DEPLOYMENT_TARGET = 14.5;
				LD_RUNPATH_SEARCH_PATHS = (
					"$(inherited)",
					"@executable_path/Frameworks",
					"@loader_path/Frameworks",
				);
				PRODUCT_BUNDLE_IDENTIFIER = com.christinesun.SwiftPhotoMapTests;
				PRODUCT_NAME = "$(TARGET_NAME)";
				SWIFT_VERSION = 5.0;
				TARGETED_DEVICE_FAMILY = "1,2";
				TEST_HOST = "$(BUILT_PRODUCTS_DIR)/SwiftPhotoMap.app/SwiftPhotoMap";
			};
			name = Release;
		};
		F6E7488426FCDFFD00AC63BB /* Debug */ = {
			isa = XCBuildConfiguration;
			buildSettings = {
				ALWAYS_EMBED_SWIFT_STANDARD_LIBRARIES = YES;
				CODE_SIGN_STYLE = Automatic;
				DEVELOPMENT_TEAM = MLV6BNHZAT;
				INFOPLIST_FILE = SwiftPhotoMapUITests/Info.plist;
				LD_RUNPATH_SEARCH_PATHS = (
					"$(inherited)",
					"@executable_path/Frameworks",
					"@loader_path/Frameworks",
				);
				PRODUCT_BUNDLE_IDENTIFIER = com.christinesun.SwiftPhotoMapUITests;
				PRODUCT_NAME = "$(TARGET_NAME)";
				SWIFT_VERSION = 5.0;
				TARGETED_DEVICE_FAMILY = "1,2";
				TEST_TARGET_NAME = SwiftPhotoMap;
			};
			name = Debug;
		};
		F6E7488526FCDFFD00AC63BB /* Release */ = {
			isa = XCBuildConfiguration;
			buildSettings = {
				ALWAYS_EMBED_SWIFT_STANDARD_LIBRARIES = YES;
				CODE_SIGN_STYLE = Automatic;
				DEVELOPMENT_TEAM = MLV6BNHZAT;
				INFOPLIST_FILE = SwiftPhotoMapUITests/Info.plist;
				LD_RUNPATH_SEARCH_PATHS = (
					"$(inherited)",
					"@executable_path/Frameworks",
					"@loader_path/Frameworks",
				);
				PRODUCT_BUNDLE_IDENTIFIER = com.christinesun.SwiftPhotoMapUITests;
				PRODUCT_NAME = "$(TARGET_NAME)";
				SWIFT_VERSION = 5.0;
				TARGETED_DEVICE_FAMILY = "1,2";
				TEST_TARGET_NAME = SwiftPhotoMap;
			};
			name = Release;
		};
/* End XCBuildConfiguration section */

/* Begin XCConfigurationList section */
		F6E7484E26FCDFF400AC63BB /* Build configuration list for PBXProject "SwiftPhotoMap" */ = {
			isa = XCConfigurationList;
			buildConfigurations = (
				F6E7487B26FCDFFD00AC63BB /* Debug */,
				F6E7487C26FCDFFD00AC63BB /* Release */,
			);
			defaultConfigurationIsVisible = 0;
			defaultConfigurationName = Release;
		};
		F6E7487D26FCDFFD00AC63BB /* Build configuration list for PBXNativeTarget "SwiftPhotoMap" */ = {
			isa = XCConfigurationList;
			buildConfigurations = (
				F6E7487E26FCDFFD00AC63BB /* Debug */,
				F6E7487F26FCDFFD00AC63BB /* Release */,
			);
			defaultConfigurationIsVisible = 0;
			defaultConfigurationName = Release;
		};
		F6E7488026FCDFFD00AC63BB /* Build configuration list for PBXNativeTarget "SwiftPhotoMapTests" */ = {
			isa = XCConfigurationList;
			buildConfigurations = (
				F6E7488126FCDFFD00AC63BB /* Debug */,
				F6E7488226FCDFFD00AC63BB /* Release */,
			);
			defaultConfigurationIsVisible = 0;
			defaultConfigurationName = Release;
		};
		F6E7488326FCDFFD00AC63BB /* Build configuration list for PBXNativeTarget "SwiftPhotoMapUITests" */ = {
			isa = XCConfigurationList;
			buildConfigurations = (
				F6E7488426FCDFFD00AC63BB /* Debug */,
				F6E7488526FCDFFD00AC63BB /* Release */,
			);
			defaultConfigurationIsVisible = 0;
			defaultConfigurationName = Release;
		};
/* End XCConfigurationList section */
	};
	rootObject = F6E7484B26FCDFF400AC63BB /* Project object */;
}
